// !$*UTF8*$!
{
	archiveVersion = 1;
	classes = {
	};
	objectVersion = 77;
	objects = {

/* Begin PBXBuildFile section */
		186E07FE2DDDFA0E00E32490 /* SnapKit in Frameworks */ = {isa = PBXBuildFile; productRef = 186E07FD2DDDFA0E00E32490 /* SnapKit */; };
		186E08002DDDFA0E00E32490 /* Then in Frameworks */ = {isa = PBXBuildFile; productRef = 186E07FF2DDDFA0E00E32490 /* Then */; };
		18E723872DE09856004CCF42 /* KakaoSDK in Frameworks */ = {isa = PBXBuildFile; productRef = 18E723862DE09856004CCF42 /* KakaoSDK */; };
		D2E280BF2E41AC6A00A90122 /* KakaoSDKFriendResources.bundle in Resources */ = {isa = PBXBuildFile; fileRef = D2E280BE2E41AC6A00A90122 /* KakaoSDKFriendResources.bundle */; };
/* End PBXBuildFile section */

/* Begin PBXContainerItemProxy section */
		186E06F22DDDF10600E32490 /* PBXContainerItemProxy */ = {
			isa = PBXContainerItemProxy;
			containerPortal = 186E06D32DDDF10500E32490 /* Project object */;
			proxyType = 1;
			remoteGlobalIDString = 186E06DA2DDDF10500E32490;
			remoteInfo = BeforeGoing;
		};
		186E06FC2DDDF10600E32490 /* PBXContainerItemProxy */ = {
			isa = PBXContainerItemProxy;
			containerPortal = 186E06D32DDDF10500E32490 /* Project object */;
			proxyType = 1;
			remoteGlobalIDString = 186E06DA2DDDF10500E32490;
			remoteInfo = BeforeGoing;
		};
/* End PBXContainerItemProxy section */

/* Begin PBXFileReference section */
		186E06DB2DDDF10500E32490 /* BeforeGoing.app */ = {isa = PBXFileReference; explicitFileType = wrapper.application; includeInIndex = 0; path = BeforeGoing.app; sourceTree = BUILT_PRODUCTS_DIR; };
		186E06F12DDDF10600E32490 /* BeforeGoingTests.xctest */ = {isa = PBXFileReference; explicitFileType = wrapper.cfbundle; includeInIndex = 0; path = BeforeGoingTests.xctest; sourceTree = BUILT_PRODUCTS_DIR; };
		186E06FB2DDDF10600E32490 /* BeforeGoingUITests.xctest */ = {isa = PBXFileReference; explicitFileType = wrapper.cfbundle; includeInIndex = 0; path = BeforeGoingUITests.xctest; sourceTree = BUILT_PRODUCTS_DIR; };
		D2E280BE2E41AC6A00A90122 /* KakaoSDKFriendResources.bundle */ = {isa = PBXFileReference; lastKnownFileType = "wrapper.plug-in"; name = KakaoSDKFriendResources.bundle; path = "../../../../Library/Developer/Xcode/DerivedData/BeforeGoing-hktjwicekvwpzbbmmmfkhbfbcbkh/SourcePackages/checkouts/kakao-ios-sdk/Sources/KakaoSDKFriendCore/KakaoSDKFriendResources.bundle"; sourceTree = "<group>"; };
/* End PBXFileReference section */

/* Begin PBXFileSystemSynchronizedBuildFileExceptionSet section */
		186E07032DDDF10600E32490 /* Exceptions for "BeforeGoing" folder in "BeforeGoing" target */ = {
			isa = PBXFileSystemSynchronizedBuildFileExceptionSet;
			membershipExceptions = (
				Resource/Info.plist,
			);
			target = 186E06DA2DDDF10500E32490 /* BeforeGoing */;
		};
/* End PBXFileSystemSynchronizedBuildFileExceptionSet section */

/* Begin PBXFileSystemSynchronizedRootGroup section */
		186E06DD2DDDF10500E32490 /* BeforeGoing */ = {
			isa = PBXFileSystemSynchronizedRootGroup;
			exceptions = (
				186E07032DDDF10600E32490 /* Exceptions for "BeforeGoing" folder in "BeforeGoing" target */,
			);
			path = BeforeGoing;
			sourceTree = "<group>";
		};
		186E06F42DDDF10600E32490 /* BeforeGoingTests */ = {
			isa = PBXFileSystemSynchronizedRootGroup;
			path = BeforeGoingTests;
			sourceTree = "<group>";
		};
		186E06FE2DDDF10600E32490 /* BeforeGoingUITests */ = {
			isa = PBXFileSystemSynchronizedRootGroup;
			path = BeforeGoingUITests;
			sourceTree = "<group>";
		};
/* End PBXFileSystemSynchronizedRootGroup section */

/* Begin PBXFrameworksBuildPhase section */
		186E06D82DDDF10500E32490 /* Frameworks */ = {
			isa = PBXFrameworksBuildPhase;
			buildActionMask = 2147483647;
			files = (
				186E07FE2DDDFA0E00E32490 /* SnapKit in Frameworks */,
				186E08002DDDFA0E00E32490 /* Then in Frameworks */,
				18E723872DE09856004CCF42 /* KakaoSDK in Frameworks */,
			);
			runOnlyForDeploymentPostprocessing = 0;
		};
		186E06EE2DDDF10600E32490 /* Frameworks */ = {
			isa = PBXFrameworksBuildPhase;
			buildActionMask = 2147483647;
			files = (
			);
			runOnlyForDeploymentPostprocessing = 0;
		};
		186E06F82DDDF10600E32490 /* Frameworks */ = {
			isa = PBXFrameworksBuildPhase;
			buildActionMask = 2147483647;
			files = (
			);
			runOnlyForDeploymentPostprocessing = 0;
		};
/* End PBXFrameworksBuildPhase section */

/* Begin PBXGroup section */
		186E06D22DDDF10500E32490 = {
			isa = PBXGroup;
			children = (
				D2E280BE2E41AC6A00A90122 /* KakaoSDKFriendResources.bundle */,
				186E06DD2DDDF10500E32490 /* BeforeGoing */,
				186E06F42DDDF10600E32490 /* BeforeGoingTests */,
				186E06FE2DDDF10600E32490 /* BeforeGoingUITests */,
				186E06DC2DDDF10500E32490 /* Products */,
			);
			sourceTree = "<group>";
		};
		186E06DC2DDDF10500E32490 /* Products */ = {
			isa = PBXGroup;
			children = (
				186E06DB2DDDF10500E32490 /* BeforeGoing.app */,
				186E06F12DDDF10600E32490 /* BeforeGoingTests.xctest */,
				186E06FB2DDDF10600E32490 /* BeforeGoingUITests.xctest */,
			);
			name = Products;
			sourceTree = "<group>";
		};
/* End PBXGroup section */

/* Begin PBXNativeTarget section */
		186E06DA2DDDF10500E32490 /* BeforeGoing */ = {
			isa = PBXNativeTarget;
			buildConfigurationList = 186E07042DDDF10600E32490 /* Build configuration list for PBXNativeTarget "BeforeGoing" */;
			buildPhases = (
				186E06D72DDDF10500E32490 /* Sources */,
				186E06D82DDDF10500E32490 /* Frameworks */,
				186E06D92DDDF10500E32490 /* Resources */,
			);
			buildRules = (
			);
			dependencies = (
			);
			fileSystemSynchronizedGroups = (
				186E06DD2DDDF10500E32490 /* BeforeGoing */,
			);
			name = BeforeGoing;
			packageProductDependencies = (
				186E07FD2DDDFA0E00E32490 /* SnapKit */,
				186E07FF2DDDFA0E00E32490 /* Then */,
				18E723862DE09856004CCF42 /* KakaoSDK */,
			);
			productName = BeforeGoing;
			productReference = 186E06DB2DDDF10500E32490 /* BeforeGoing.app */;
			productType = "com.apple.product-type.application";
		};
		186E06F02DDDF10600E32490 /* BeforeGoingTests */ = {
			isa = PBXNativeTarget;
			buildConfigurationList = 186E07092DDDF10600E32490 /* Build configuration list for PBXNativeTarget "BeforeGoingTests" */;
			buildPhases = (
				186E06ED2DDDF10600E32490 /* Sources */,
				186E06EE2DDDF10600E32490 /* Frameworks */,
				186E06EF2DDDF10600E32490 /* Resources */,
			);
			buildRules = (
			);
			dependencies = (
				186E06F32DDDF10600E32490 /* PBXTargetDependency */,
			);
			fileSystemSynchronizedGroups = (
				186E06F42DDDF10600E32490 /* BeforeGoingTests */,
			);
			name = BeforeGoingTests;
			packageProductDependencies = (
			);
			productName = BeforeGoingTests;
			productReference = 186E06F12DDDF10600E32490 /* BeforeGoingTests.xctest */;
			productType = "com.apple.product-type.bundle.unit-test";
		};
		186E06FA2DDDF10600E32490 /* BeforeGoingUITests */ = {
			isa = PBXNativeTarget;
			buildConfigurationList = 186E070C2DDDF10600E32490 /* Build configuration list for PBXNativeTarget "BeforeGoingUITests" */;
			buildPhases = (
				186E06F72DDDF10600E32490 /* Sources */,
				186E06F82DDDF10600E32490 /* Frameworks */,
				186E06F92DDDF10600E32490 /* Resources */,
			);
			buildRules = (
			);
			dependencies = (
				186E06FD2DDDF10600E32490 /* PBXTargetDependency */,
			);
			fileSystemSynchronizedGroups = (
				186E06FE2DDDF10600E32490 /* BeforeGoingUITests */,
			);
			name = BeforeGoingUITests;
			packageProductDependencies = (
			);
			productName = BeforeGoingUITests;
			productReference = 186E06FB2DDDF10600E32490 /* BeforeGoingUITests.xctest */;
			productType = "com.apple.product-type.bundle.ui-testing";
		};
/* End PBXNativeTarget section */

/* Begin PBXProject section */
		186E06D32DDDF10500E32490 /* Project object */ = {
			isa = PBXProject;
			attributes = {
				BuildIndependentTargetsInParallel = 1;
				LastSwiftUpdateCheck = 1620;
				LastUpgradeCheck = 1620;
				TargetAttributes = {
					186E06DA2DDDF10500E32490 = {
						CreatedOnToolsVersion = 16.2;
					};
					186E06F02DDDF10600E32490 = {
						CreatedOnToolsVersion = 16.2;
						TestTargetID = 186E06DA2DDDF10500E32490;
					};
					186E06FA2DDDF10600E32490 = {
						CreatedOnToolsVersion = 16.2;
						TestTargetID = 186E06DA2DDDF10500E32490;
					};
				};
			};
			buildConfigurationList = 186E06D62DDDF10500E32490 /* Build configuration list for PBXProject "BeforeGoing" */;
			developmentRegion = en;
			hasScannedForEncodings = 0;
			knownRegions = (
				en,
				Base,
			);
			mainGroup = 186E06D22DDDF10500E32490;
			minimizedProjectReferenceProxies = 1;
			packageReferences = (
				186E07FA2DDDF9EB00E32490 /* XCRemoteSwiftPackageReference "SnapKit" */,
				186E07FB2DDDF9F900E32490 /* XCRemoteSwiftPackageReference "Then" */,
				1829AC932DE0682900038A00 /* XCRemoteSwiftPackageReference "kakao-ios-sdk" */,
			);
			preferredProjectObjectVersion = 77;
			productRefGroup = 186E06DC2DDDF10500E32490 /* Products */;
			projectDirPath = "";
			projectRoot = "";
			targets = (
				186E06DA2DDDF10500E32490 /* BeforeGoing */,
				186E06F02DDDF10600E32490 /* BeforeGoingTests */,
				186E06FA2DDDF10600E32490 /* BeforeGoingUITests */,
			);
		};
/* End PBXProject section */

/* Begin PBXResourcesBuildPhase section */
		186E06D92DDDF10500E32490 /* Resources */ = {
			isa = PBXResourcesBuildPhase;
			buildActionMask = 2147483647;
			files = (
				D2E280BF2E41AC6A00A90122 /* KakaoSDKFriendResources.bundle in Resources */,
			);
			runOnlyForDeploymentPostprocessing = 0;
		};
		186E06EF2DDDF10600E32490 /* Resources */ = {
			isa = PBXResourcesBuildPhase;
			buildActionMask = 2147483647;
			files = (
			);
			runOnlyForDeploymentPostprocessing = 0;
		};
		186E06F92DDDF10600E32490 /* Resources */ = {
			isa = PBXResourcesBuildPhase;
			buildActionMask = 2147483647;
			files = (
			);
			runOnlyForDeploymentPostprocessing = 0;
		};
/* End PBXResourcesBuildPhase section */

/* Begin PBXSourcesBuildPhase section */
		186E06D72DDDF10500E32490 /* Sources */ = {
			isa = PBXSourcesBuildPhase;
			buildActionMask = 2147483647;
			files = (
			);
			runOnlyForDeploymentPostprocessing = 0;
		};
		186E06ED2DDDF10600E32490 /* Sources */ = {
			isa = PBXSourcesBuildPhase;
			buildActionMask = 2147483647;
			files = (
			);
			runOnlyForDeploymentPostprocessing = 0;
		};
		186E06F72DDDF10600E32490 /* Sources */ = {
			isa = PBXSourcesBuildPhase;
			buildActionMask = 2147483647;
			files = (
			);
			runOnlyForDeploymentPostprocessing = 0;
		};
/* End PBXSourcesBuildPhase section */

/* Begin PBXTargetDependency section */
		186E06F32DDDF10600E32490 /* PBXTargetDependency */ = {
			isa = PBXTargetDependency;
			target = 186E06DA2DDDF10500E32490 /* BeforeGoing */;
			targetProxy = 186E06F22DDDF10600E32490 /* PBXContainerItemProxy */;
		};
		186E06FD2DDDF10600E32490 /* PBXTargetDependency */ = {
			isa = PBXTargetDependency;
			target = 186E06DA2DDDF10500E32490 /* BeforeGoing */;
			targetProxy = 186E06FC2DDDF10600E32490 /* PBXContainerItemProxy */;
		};
/* End PBXTargetDependency section */

/* Begin XCBuildConfiguration section */
		186E07052DDDF10600E32490 /* Debug */ = {
			isa = XCBuildConfiguration;
			baseConfigurationReferenceAnchor = 186E06DD2DDDF10500E32490 /* BeforeGoing */;
			baseConfigurationReferenceRelativePath = Data/Config/Config.xcconfig;
			buildSettings = {
				ASSETCATALOG_COMPILER_APPICON_NAME = AppIcon;
				ASSETCATALOG_COMPILER_GLOBAL_ACCENT_COLOR_NAME = AccentColor;
				CODE_SIGN_STYLE = Automatic;
				CURRENT_PROJECT_VERSION = 1;
				DEVELOPMENT_TEAM = G6423FVY8X;
				GENERATE_INFOPLIST_FILE = YES;
				INFOPLIST_FILE = BeforeGoing/Resource/Info.plist;
				INFOPLIST_KEY_UIApplicationSupportsIndirectInputEvents = YES;
				INFOPLIST_KEY_UILaunchStoryboardName = LaunchScreen;
				INFOPLIST_KEY_UISupportedInterfaceOrientations_iPad = "UIInterfaceOrientationPortrait UIInterfaceOrientationPortraitUpsideDown UIInterfaceOrientationLandscapeLeft UIInterfaceOrientationLandscapeRight";
				INFOPLIST_KEY_UISupportedInterfaceOrientations_iPhone = "UIInterfaceOrientationPortrait UIInterfaceOrientationLandscapeLeft UIInterfaceOrientationLandscapeRight";
				IPHONEOS_DEPLOYMENT_TARGET = 15.6;
				LD_RUNPATH_SEARCH_PATHS = (
					"$(inherited)",
					"@executable_path/Frameworks",
				);
				MARKETING_VERSION = 1.0;
				PRODUCT_BUNDLE_IDENTIFIER = com.und.BeforeGoing;
				PRODUCT_NAME = "$(TARGET_NAME)";
				SWIFT_EMIT_LOC_STRINGS = YES;
				SWIFT_VERSION = 5.0;
				TARGETED_DEVICE_FAMILY = "1,2";
			};
			name = Debug;
		};
		186E07062DDDF10600E32490 /* Release */ = {
			isa = XCBuildConfiguration;
			baseConfigurationReferenceAnchor = 186E06DD2DDDF10500E32490 /* BeforeGoing */;
			baseConfigurationReferenceRelativePath = Data/Config/Config.xcconfig;
			buildSettings = {
				ASSETCATALOG_COMPILER_APPICON_NAME = AppIcon;
				ASSETCATALOG_COMPILER_GLOBAL_ACCENT_COLOR_NAME = AccentColor;
				CODE_SIGN_STYLE = Automatic;
				CURRENT_PROJECT_VERSION = 1;
				DEVELOPMENT_TEAM = G6423FVY8X;
				GENERATE_INFOPLIST_FILE = YES;
				INFOPLIST_FILE = BeforeGoing/Resource/Info.plist;
				INFOPLIST_KEY_UIApplicationSupportsIndirectInputEvents = YES;
				INFOPLIST_KEY_UILaunchStoryboardName = LaunchScreen;
				INFOPLIST_KEY_UISupportedInterfaceOrientations_iPad = "UIInterfaceOrientationPortrait UIInterfaceOrientationPortraitUpsideDown UIInterfaceOrientationLandscapeLeft UIInterfaceOrientationLandscapeRight";
				INFOPLIST_KEY_UISupportedInterfaceOrientations_iPhone = "UIInterfaceOrientationPortrait UIInterfaceOrientationLandscapeLeft UIInterfaceOrientationLandscapeRight";
				IPHONEOS_DEPLOYMENT_TARGET = 15.6;
				LD_RUNPATH_SEARCH_PATHS = (
					"$(inherited)",
					"@executable_path/Frameworks",
				);
				MARKETING_VERSION = 1.0;
				PRODUCT_BUNDLE_IDENTIFIER = com.und.BeforeGoing;
				PRODUCT_NAME = "$(TARGET_NAME)";
				SWIFT_EMIT_LOC_STRINGS = YES;
				SWIFT_VERSION = 5.0;
				TARGETED_DEVICE_FAMILY = "1,2";
			};
			name = Release;
		};
		186E07072DDDF10600E32490 /* Debug */ = {
			isa = XCBuildConfiguration;
			baseConfigurationReferenceAnchor = 186E06DD2DDDF10500E32490 /* BeforeGoing */;
			baseConfigurationReferenceRelativePath = Data/Config/Config.xcconfig;
			buildSettings = {
				ALWAYS_SEARCH_USER_PATHS = NO;
				ASSETCATALOG_COMPILER_GENERATE_SWIFT_ASSET_SYMBOL_EXTENSIONS = YES;
				CLANG_ANALYZER_NONNULL = YES;
				CLANG_ANALYZER_NUMBER_OBJECT_CONVERSION = YES_AGGRESSIVE;
				CLANG_CXX_LANGUAGE_STANDARD = "gnu++20";
				CLANG_ENABLE_MODULES = YES;
				CLANG_ENABLE_OBJC_ARC = YES;
				CLANG_ENABLE_OBJC_WEAK = YES;
				CLANG_WARN_BLOCK_CAPTURE_AUTORELEASING = YES;
				CLANG_WARN_BOOL_CONVERSION = YES;
				CLANG_WARN_COMMA = YES;
				CLANG_WARN_CONSTANT_CONVERSION = YES;
				CLANG_WARN_DEPRECATED_OBJC_IMPLEMENTATIONS = YES;
				CLANG_WARN_DIRECT_OBJC_ISA_USAGE = YES_ERROR;
				CLANG_WARN_DOCUMENTATION_COMMENTS = YES;
				CLANG_WARN_EMPTY_BODY = YES;
				CLANG_WARN_ENUM_CONVERSION = YES;
				CLANG_WARN_INFINITE_RECURSION = YES;
				CLANG_WARN_INT_CONVERSION = YES;
				CLANG_WARN_NON_LITERAL_NULL_CONVERSION = YES;
				CLANG_WARN_OBJC_IMPLICIT_RETAIN_SELF = YES;
				CLANG_WARN_OBJC_LITERAL_CONVERSION = YES;
				CLANG_WARN_OBJC_ROOT_CLASS = YES_ERROR;
				CLANG_WARN_QUOTED_INCLUDE_IN_FRAMEWORK_HEADER = YES;
				CLANG_WARN_RANGE_LOOP_ANALYSIS = YES;
				CLANG_WARN_STRICT_PROTOTYPES = YES;
				CLANG_WARN_SUSPICIOUS_MOVE = YES;
				CLANG_WARN_UNGUARDED_AVAILABILITY = YES_AGGRESSIVE;
				CLANG_WARN_UNREACHABLE_CODE = YES;
				CLANG_WARN__DUPLICATE_METHOD_MATCH = YES;
				COPY_PHASE_STRIP = NO;
				DEBUG_INFORMATION_FORMAT = dwarf;
				ENABLE_STRICT_OBJC_MSGSEND = YES;
				ENABLE_TESTABILITY = YES;
				ENABLE_USER_SCRIPT_SANDBOXING = YES;
				GCC_C_LANGUAGE_STANDARD = gnu17;
				GCC_DYNAMIC_NO_PIC = NO;
				GCC_NO_COMMON_BLOCKS = YES;
				GCC_OPTIMIZATION_LEVEL = 0;
				GCC_PREPROCESSOR_DEFINITIONS = (
					"DEBUG=1",
					"$(inherited)",
				);
				GCC_WARN_64_TO_32_BIT_CONVERSION = YES;
				GCC_WARN_ABOUT_RETURN_TYPE = YES_ERROR;
				GCC_WARN_UNDECLARED_SELECTOR = YES;
				GCC_WARN_UNINITIALIZED_AUTOS = YES_AGGRESSIVE;
				GCC_WARN_UNUSED_FUNCTION = YES;
				GCC_WARN_UNUSED_VARIABLE = YES;
				IPHONEOS_DEPLOYMENT_TARGET = 15.6;
				LOCALIZATION_PREFERS_STRING_CATALOGS = YES;
				MTL_ENABLE_DEBUG_INFO = INCLUDE_SOURCE;
				MTL_FAST_MATH = YES;
				ONLY_ACTIVE_ARCH = YES;
				SDKROOT = iphoneos;
				SWIFT_ACTIVE_COMPILATION_CONDITIONS = "DEBUG $(inherited)";
				SWIFT_OPTIMIZATION_LEVEL = "-Onone";
			};
			name = Debug;
		};
		186E07082DDDF10600E32490 /* Release */ = {
			isa = XCBuildConfiguration;
			baseConfigurationReferenceAnchor = 186E06DD2DDDF10500E32490 /* BeforeGoing */;
			baseConfigurationReferenceRelativePath = Data/Config/Config.xcconfig;
			buildSettings = {
				ALWAYS_SEARCH_USER_PATHS = NO;
				ASSETCATALOG_COMPILER_GENERATE_SWIFT_ASSET_SYMBOL_EXTENSIONS = YES;
				CLANG_ANALYZER_NONNULL = YES;
				CLANG_ANALYZER_NUMBER_OBJECT_CONVERSION = YES_AGGRESSIVE;
				CLANG_CXX_LANGUAGE_STANDARD = "gnu++20";
				CLANG_ENABLE_MODULES = YES;
				CLANG_ENABLE_OBJC_ARC = YES;
				CLANG_ENABLE_OBJC_WEAK = YES;
				CLANG_WARN_BLOCK_CAPTURE_AUTORELEASING = YES;
				CLANG_WARN_BOOL_CONVERSION = YES;
				CLANG_WARN_COMMA = YES;
				CLANG_WARN_CONSTANT_CONVERSION = YES;
				CLANG_WARN_DEPRECATED_OBJC_IMPLEMENTATIONS = YES;
				CLANG_WARN_DIRECT_OBJC_ISA_USAGE = YES_ERROR;
				CLANG_WARN_DOCUMENTATION_COMMENTS = YES;
				CLANG_WARN_EMPTY_BODY = YES;
				CLANG_WARN_ENUM_CONVERSION = YES;
				CLANG_WARN_INFINITE_RECURSION = YES;
				CLANG_WARN_INT_CONVERSION = YES;
				CLANG_WARN_NON_LITERAL_NULL_CONVERSION = YES;
				CLANG_WARN_OBJC_IMPLICIT_RETAIN_SELF = YES;
				CLANG_WARN_OBJC_LITERAL_CONVERSION = YES;
				CLANG_WARN_OBJC_ROOT_CLASS = YES_ERROR;
				CLANG_WARN_QUOTED_INCLUDE_IN_FRAMEWORK_HEADER = YES;
				CLANG_WARN_RANGE_LOOP_ANALYSIS = YES;
				CLANG_WARN_STRICT_PROTOTYPES = YES;
				CLANG_WARN_SUSPICIOUS_MOVE = YES;
				CLANG_WARN_UNGUARDED_AVAILABILITY = YES_AGGRESSIVE;
				CLANG_WARN_UNREACHABLE_CODE = YES;
				CLANG_WARN__DUPLICATE_METHOD_MATCH = YES;
				COPY_PHASE_STRIP = NO;
				DEBUG_INFORMATION_FORMAT = "dwarf-with-dsym";
				ENABLE_NS_ASSERTIONS = NO;
				ENABLE_STRICT_OBJC_MSGSEND = YES;
				ENABLE_USER_SCRIPT_SANDBOXING = YES;
				GCC_C_LANGUAGE_STANDARD = gnu17;
				GCC_NO_COMMON_BLOCKS = YES;
				GCC_WARN_64_TO_32_BIT_CONVERSION = YES;
				GCC_WARN_ABOUT_RETURN_TYPE = YES_ERROR;
				GCC_WARN_UNDECLARED_SELECTOR = YES;
				GCC_WARN_UNINITIALIZED_AUTOS = YES_AGGRESSIVE;
				GCC_WARN_UNUSED_FUNCTION = YES;
				GCC_WARN_UNUSED_VARIABLE = YES;
				IPHONEOS_DEPLOYMENT_TARGET = 15.6;
				LOCALIZATION_PREFERS_STRING_CATALOGS = YES;
				MTL_ENABLE_DEBUG_INFO = NO;
				MTL_FAST_MATH = YES;
				SDKROOT = iphoneos;
				SWIFT_COMPILATION_MODE = wholemodule;
				VALIDATE_PRODUCT = YES;
			};
			name = Release;
		};
		186E070A2DDDF10600E32490 /* Debug */ = {
			isa = XCBuildConfiguration;
			baseConfigurationReferenceAnchor = 186E06DD2DDDF10500E32490 /* BeforeGoing */;
			baseConfigurationReferenceRelativePath = Data/Config/Config.xcconfig;
			buildSettings = {
				BUNDLE_LOADER = "$(TEST_HOST)";
				CODE_SIGN_STYLE = Automatic;
				CURRENT_PROJECT_VERSION = 1;
				DEVELOPMENT_TEAM = G6423FVY8X;
				GENERATE_INFOPLIST_FILE = YES;
				IPHONEOS_DEPLOYMENT_TARGET = 15.6;
				MARKETING_VERSION = 1.0;
				PRODUCT_BUNDLE_IDENTIFIER = com.und.BeforeGoingTests;
				PRODUCT_NAME = "$(TARGET_NAME)";
				SWIFT_EMIT_LOC_STRINGS = NO;
				SWIFT_VERSION = 5.0;
				TARGETED_DEVICE_FAMILY = "1,2";
				TEST_HOST = "$(BUILT_PRODUCTS_DIR)/BeforeGoing.app/$(BUNDLE_EXECUTABLE_FOLDER_PATH)/BeforeGoing";
			};
			name = Debug;
		};
		186E070B2DDDF10600E32490 /* Release */ = {
			isa = XCBuildConfiguration;
			baseConfigurationReferenceAnchor = 186E06DD2DDDF10500E32490 /* BeforeGoing */;
			baseConfigurationReferenceRelativePath = Data/Config/Config.xcconfig;
			buildSettings = {
				BUNDLE_LOADER = "$(TEST_HOST)";
				CODE_SIGN_STYLE = Automatic;
				CURRENT_PROJECT_VERSION = 1;
				DEVELOPMENT_TEAM = G6423FVY8X;
				GENERATE_INFOPLIST_FILE = YES;
				IPHONEOS_DEPLOYMENT_TARGET = 15.6;
				MARKETING_VERSION = 1.0;
				PRODUCT_BUNDLE_IDENTIFIER = com.und.BeforeGoingTests;
				PRODUCT_NAME = "$(TARGET_NAME)";
				SWIFT_EMIT_LOC_STRINGS = NO;
				SWIFT_VERSION = 5.0;
				TARGETED_DEVICE_FAMILY = "1,2";
				TEST_HOST = "$(BUILT_PRODUCTS_DIR)/BeforeGoing.app/$(BUNDLE_EXECUTABLE_FOLDER_PATH)/BeforeGoing";
			};
			name = Release;
		};
		186E070D2DDDF10600E32490 /* Debug */ = {
			isa = XCBuildConfiguration;
			baseConfigurationReferenceAnchor = 186E06DD2DDDF10500E32490 /* BeforeGoing */;
			baseConfigurationReferenceRelativePath = Data/Config/Config.xcconfig;
			buildSettings = {
				CODE_SIGN_STYLE = Automatic;
				CURRENT_PROJECT_VERSION = 1;
				DEVELOPMENT_TEAM = G6423FVY8X;
				GENERATE_INFOPLIST_FILE = YES;
				MARKETING_VERSION = 1.0;
				PRODUCT_BUNDLE_IDENTIFIER = com.und.BeforeGoingUITests;
				PRODUCT_NAME = "$(TARGET_NAME)";
				SWIFT_EMIT_LOC_STRINGS = NO;
				SWIFT_VERSION = 5.0;
				TARGETED_DEVICE_FAMILY = "1,2";
				TEST_TARGET_NAME = BeforeGoing;
			};
			name = Debug;
		};
		186E070E2DDDF10600E32490 /* Release */ = {
			isa = XCBuildConfiguration;
			baseConfigurationReferenceAnchor = 186E06DD2DDDF10500E32490 /* BeforeGoing */;
			baseConfigurationReferenceRelativePath = Data/Config/Config.xcconfig;
			buildSettings = {
				CODE_SIGN_STYLE = Automatic;
				CURRENT_PROJECT_VERSION = 1;
				DEVELOPMENT_TEAM = G6423FVY8X;
				GENERATE_INFOPLIST_FILE = YES;
				MARKETING_VERSION = 1.0;
				PRODUCT_BUNDLE_IDENTIFIER = com.und.BeforeGoingUITests;
				PRODUCT_NAME = "$(TARGET_NAME)";
				SWIFT_EMIT_LOC_STRINGS = NO;
				SWIFT_VERSION = 5.0;
				TARGETED_DEVICE_FAMILY = "1,2";
				TEST_TARGET_NAME = BeforeGoing;
			};
			name = Release;
		};
/* End XCBuildConfiguration section */

/* Begin XCConfigurationList section */
		186E06D62DDDF10500E32490 /* Build configuration list for PBXProject "BeforeGoing" */ = {
			isa = XCConfigurationList;
			buildConfigurations = (
				186E07072DDDF10600E32490 /* Debug */,
				186E07082DDDF10600E32490 /* Release */,
			);
			defaultConfigurationIsVisible = 0;
			defaultConfigurationName = Release;
		};
		186E07042DDDF10600E32490 /* Build configuration list for PBXNativeTarget "BeforeGoing" */ = {
			isa = XCConfigurationList;
			buildConfigurations = (
				186E07052DDDF10600E32490 /* Debug */,
				186E07062DDDF10600E32490 /* Release */,
			);
			defaultConfigurationIsVisible = 0;
			defaultConfigurationName = Release;
		};
		186E07092DDDF10600E32490 /* Build configuration list for PBXNativeTarget "BeforeGoingTests" */ = {
			isa = XCConfigurationList;
			buildConfigurations = (
				186E070A2DDDF10600E32490 /* Debug */,
				186E070B2DDDF10600E32490 /* Release */,
			);
			defaultConfigurationIsVisible = 0;
			defaultConfigurationName = Release;
		};
		186E070C2DDDF10600E32490 /* Build configuration list for PBXNativeTarget "BeforeGoingUITests" */ = {
			isa = XCConfigurationList;
			buildConfigurations = (
				186E070D2DDDF10600E32490 /* Debug */,
				186E070E2DDDF10600E32490 /* Release */,
			);
			defaultConfigurationIsVisible = 0;
			defaultConfigurationName = Release;
		};
/* End XCConfigurationList section */

/* Begin XCRemoteSwiftPackageReference section */
		1829AC932DE0682900038A00 /* XCRemoteSwiftPackageReference "kakao-ios-sdk" */ = {
			isa = XCRemoteSwiftPackageReference;
			repositoryURL = "https://github.com/kakao/kakao-ios-sdk";
			requirement = {
				branch = master;
				kind = branch;
			};
		};
		186E07FA2DDDF9EB00E32490 /* XCRemoteSwiftPackageReference "SnapKit" */ = {
			isa = XCRemoteSwiftPackageReference;
			repositoryURL = "https://github.com/SnapKit/SnapKit.git";
			requirement = {
				kind = upToNextMajorVersion;
				minimumVersion = 5.7.1;
			};
		};
		186E07FB2DDDF9F900E32490 /* XCRemoteSwiftPackageReference "Then" */ = {
			isa = XCRemoteSwiftPackageReference;
			repositoryURL = "https://github.com/devxoul/Then.git";
			requirement = {
				kind = upToNextMajorVersion;
				minimumVersion = 3.0.0;
			};
		};
/* End XCRemoteSwiftPackageReference section */

/* Begin XCSwiftPackageProductDependency section */
		186E07FD2DDDFA0E00E32490 /* SnapKit */ = {
			isa = XCSwiftPackageProductDependency;
			package = 186E07FA2DDDF9EB00E32490 /* XCRemoteSwiftPackageReference "SnapKit" */;
			productName = SnapKit;
		};
		186E07FF2DDDFA0E00E32490 /* Then */ = {
			isa = XCSwiftPackageProductDependency;
			package = 186E07FB2DDDF9F900E32490 /* XCRemoteSwiftPackageReference "Then" */;
			productName = Then;
		};
		18E723862DE09856004CCF42 /* KakaoSDK */ = {
			isa = XCSwiftPackageProductDependency;
			package = 1829AC932DE0682900038A00 /* XCRemoteSwiftPackageReference "kakao-ios-sdk" */;
			productName = KakaoSDK;
		};
/* End XCSwiftPackageProductDependency section */
	};
	rootObject = 186E06D32DDDF10500E32490 /* Project object */;
}
